// !$*UTF8*$!
{
	archiveVersion = 1;
	classes = {
	};
	objectVersion = 46;
	objects = {

/* Begin PBXBuildFile section */
		885CC2AE1E24179A00681C05 /* ConvertingViewController.swift in Sources */ = {isa = PBXBuildFile; fileRef = 885CC2AD1E24179A00681C05 /* ConvertingViewController.swift */; };
		885CC2B11E241CBC00681C05 /* SCViewController.swift in Sources */ = {isa = PBXBuildFile; fileRef = 885CC2B01E241CBC00681C05 /* SCViewController.swift */; };
		885CC2B31E241CD100681C05 /* SCTableViewController.swift in Sources */ = {isa = PBXBuildFile; fileRef = 885CC2B21E241CD100681C05 /* SCTableViewController.swift */; };
		885CC2B51E24229E00681C05 /* Utility.swift in Sources */ = {isa = PBXBuildFile; fileRef = 885CC2B41E24229E00681C05 /* Utility.swift */; };
		885CC2B71E24317700681C05 /* ConvertingTableViewCell.swift in Sources */ = {isa = PBXBuildFile; fileRef = 885CC2B61E24317700681C05 /* ConvertingTableViewCell.swift */; };
		885CC2B91E243E2F00681C05 /* ConvertingTextFieldHeader.swift in Sources */ = {isa = PBXBuildFile; fileRef = 885CC2B81E243E2F00681C05 /* ConvertingTextFieldHeader.swift */; };
		885CC2BC1E243F9F00681C05 /* ConvertingTextField.swift in Sources */ = {isa = PBXBuildFile; fileRef = 885CC2BB1E243F9F00681C05 /* ConvertingTextField.swift */; };
		B80146751E22A14500C8B816 /* AppDelegate.swift in Sources */ = {isa = PBXBuildFile; fileRef = B80146741E22A14500C8B816 /* AppDelegate.swift */; };
		B80146771E22A14500C8B816 /* HomeViewController.swift in Sources */ = {isa = PBXBuildFile; fileRef = B80146761E22A14500C8B816 /* HomeViewController.swift */; };
		B80146791E22A14500C8B816 /* CurrencyViewController.swift in Sources */ = {isa = PBXBuildFile; fileRef = B80146781E22A14500C8B816 /* CurrencyViewController.swift */; };
		B801467C1E22A14500C8B816 /* Main.storyboard in Resources */ = {isa = PBXBuildFile; fileRef = B801467A1E22A14500C8B816 /* Main.storyboard */; };
		B801467E1E22A14500C8B816 /* Assets.xcassets in Resources */ = {isa = PBXBuildFile; fileRef = B801467D1E22A14500C8B816 /* Assets.xcassets */; };
		B80146811E22A14500C8B816 /* LaunchScreen.storyboard in Resources */ = {isa = PBXBuildFile; fileRef = B801467F1E22A14500C8B816 /* LaunchScreen.storyboard */; };
		B801468A1E22A1E000C8B816 /* ConvertItem.swift in Sources */ = {isa = PBXBuildFile; fileRef = B80146891E22A1E000C8B816 /* ConvertItem.swift */; };
		B801468C1E22A37500C8B816 /* ConvertHandler.swift in Sources */ = {isa = PBXBuildFile; fileRef = B801468B1E22A37500C8B816 /* ConvertHandler.swift */; };
		B80146911E22AA7B00C8B816 /* Constants.swift in Sources */ = {isa = PBXBuildFile; fileRef = B80146901E22AA7B00C8B816 /* Constants.swift */; };
		B80146931E22ACD200C8B816 /* Formula.swift in Sources */ = {isa = PBXBuildFile; fileRef = B80146921E22ACD200C8B816 /* Formula.swift */; };
		B80146951E230E9B00C8B816 /* Mapping.swift in Sources */ = {isa = PBXBuildFile; fileRef = B80146941E230E9B00C8B816 /* Mapping.swift */; };
/* End PBXBuildFile section */

/* Begin PBXFileReference section */
		885CC2AD1E24179A00681C05 /* ConvertingViewController.swift */ = {isa = PBXFileReference; fileEncoding = 4; lastKnownFileType = sourcecode.swift; path = ConvertingViewController.swift; sourceTree = "<group>"; };
		885CC2B01E241CBC00681C05 /* SCViewController.swift */ = {isa = PBXFileReference; fileEncoding = 4; lastKnownFileType = sourcecode.swift; path = SCViewController.swift; sourceTree = "<group>"; };
		885CC2B21E241CD100681C05 /* SCTableViewController.swift */ = {isa = PBXFileReference; fileEncoding = 4; lastKnownFileType = sourcecode.swift; path = SCTableViewController.swift; sourceTree = "<group>"; };
		885CC2B41E24229E00681C05 /* Utility.swift */ = {isa = PBXFileReference; fileEncoding = 4; lastKnownFileType = sourcecode.swift; path = Utility.swift; sourceTree = "<group>"; };
		885CC2B61E24317700681C05 /* ConvertingTableViewCell.swift */ = {isa = PBXFileReference; fileEncoding = 4; lastKnownFileType = sourcecode.swift; path = ConvertingTableViewCell.swift; sourceTree = "<group>"; };
		885CC2B81E243E2F00681C05 /* ConvertingTextFieldHeader.swift */ = {isa = PBXFileReference; fileEncoding = 4; lastKnownFileType = sourcecode.swift; path = ConvertingTextFieldHeader.swift; sourceTree = "<group>"; };
		885CC2BB1E243F9F00681C05 /* ConvertingTextField.swift */ = {isa = PBXFileReference; fileEncoding = 4; lastKnownFileType = sourcecode.swift; path = ConvertingTextField.swift; sourceTree = "<group>"; };
		B80146711E22A14500C8B816 /* SimpleConvert.app */ = {isa = PBXFileReference; explicitFileType = wrapper.application; includeInIndex = 0; path = SimpleConvert.app; sourceTree = BUILT_PRODUCTS_DIR; };
		B80146741E22A14500C8B816 /* AppDelegate.swift */ = {isa = PBXFileReference; lastKnownFileType = sourcecode.swift; path = AppDelegate.swift; sourceTree = "<group>"; };
		B80146761E22A14500C8B816 /* HomeViewController.swift */ = {isa = PBXFileReference; lastKnownFileType = sourcecode.swift; path = HomeViewController.swift; sourceTree = "<group>"; };
		B80146781E22A14500C8B816 /* CurrencyViewController.swift */ = {isa = PBXFileReference; lastKnownFileType = sourcecode.swift; path = CurrencyViewController.swift; sourceTree = "<group>"; };
		B801467B1E22A14500C8B816 /* Base */ = {isa = PBXFileReference; lastKnownFileType = file.storyboard; name = Base; path = Base.lproj/Main.storyboard; sourceTree = "<group>"; };
		B801467D1E22A14500C8B816 /* Assets.xcassets */ = {isa = PBXFileReference; lastKnownFileType = folder.assetcatalog; path = Assets.xcassets; sourceTree = "<group>"; };
		B80146801E22A14500C8B816 /* Base */ = {isa = PBXFileReference; lastKnownFileType = file.storyboard; name = Base; path = Base.lproj/LaunchScreen.storyboard; sourceTree = "<group>"; };
		B80146821E22A14500C8B816 /* Info.plist */ = {isa = PBXFileReference; lastKnownFileType = text.plist.xml; path = Info.plist; sourceTree = "<group>"; };
		B80146891E22A1E000C8B816 /* ConvertItem.swift */ = {isa = PBXFileReference; fileEncoding = 4; lastKnownFileType = sourcecode.swift; path = ConvertItem.swift; sourceTree = "<group>"; };
		B801468B1E22A37500C8B816 /* ConvertHandler.swift */ = {isa = PBXFileReference; fileEncoding = 4; lastKnownFileType = sourcecode.swift; path = ConvertHandler.swift; sourceTree = "<group>"; };
		B80146901E22AA7B00C8B816 /* Constants.swift */ = {isa = PBXFileReference; fileEncoding = 4; lastKnownFileType = sourcecode.swift; path = Constants.swift; sourceTree = "<group>"; };
		B80146921E22ACD200C8B816 /* Formula.swift */ = {isa = PBXFileReference; fileEncoding = 4; lastKnownFileType = sourcecode.swift; path = Formula.swift; sourceTree = "<group>"; };
		B80146941E230E9B00C8B816 /* Mapping.swift */ = {isa = PBXFileReference; fileEncoding = 4; lastKnownFileType = sourcecode.swift; path = Mapping.swift; sourceTree = "<group>"; };
/* End PBXFileReference section */

/* Begin PBXFrameworksBuildPhase section */
		B801466E1E22A14500C8B816 /* Frameworks */ = {
			isa = PBXFrameworksBuildPhase;
			buildActionMask = 2147483647;
			files = (
			);
			runOnlyForDeploymentPostprocessing = 0;
		};
/* End PBXFrameworksBuildPhase section */

/* Begin PBXGroup section */
		885CC2AC1E24174F00681C05 /* ConvertingFlow */ = {
			isa = PBXGroup;
			children = (
				885CC2AD1E24179A00681C05 /* ConvertingViewController.swift */,
				885CC2B61E24317700681C05 /* ConvertingTableViewCell.swift */,
				885CC2B81E243E2F00681C05 /* ConvertingTextFieldHeader.swift */,
			);
			path = ConvertingFlow;
			sourceTree = "<group>";
		};
		885CC2AF1E241C9E00681C05 /* BaseClasses */ = {
			isa = PBXGroup;
			children = (
				885CC2B01E241CBC00681C05 /* SCViewController.swift */,
				885CC2B21E241CD100681C05 /* SCTableViewController.swift */,
			);
			path = BaseClasses;
			sourceTree = "<group>";
		};
		885CC2BA1E243F7900681C05 /* Views */ = {
			isa = PBXGroup;
			children = (
				885CC2BB1E243F9F00681C05 /* ConvertingTextField.swift */,
			);
			path = Views;
			sourceTree = "<group>";
		};
		B80146681E22A14400C8B816 = {
			isa = PBXGroup;
			children = (
				B80146731E22A14500C8B816 /* SimpleConvert */,
				B80146721E22A14500C8B816 /* Products */,
			);
			sourceTree = "<group>";
		};
		B80146721E22A14500C8B816 /* Products */ = {
			isa = PBXGroup;
			children = (
				B80146711E22A14500C8B816 /* SimpleConvert.app */,
			);
			name = Products;
			sourceTree = "<group>";
		};
		B80146731E22A14500C8B816 /* SimpleConvert */ = {
			isa = PBXGroup;
			children = (
				885CC2BA1E243F7900681C05 /* Views */,
				885CC2AF1E241C9E00681C05 /* BaseClasses */,
				885CC2AC1E24174F00681C05 /* ConvertingFlow */,
				B801468F1E22AA5700C8B816 /* Utilities */,
				B80146881E22A16D00C8B816 /* Models */,
				B80146741E22A14500C8B816 /* AppDelegate.swift */,
				B80146761E22A14500C8B816 /* HomeViewController.swift */,
				B80146781E22A14500C8B816 /* CurrencyViewController.swift */,
				B801467A1E22A14500C8B816 /* Main.storyboard */,
				B801467D1E22A14500C8B816 /* Assets.xcassets */,
				B801467F1E22A14500C8B816 /* LaunchScreen.storyboard */,
				B80146821E22A14500C8B816 /* Info.plist */,
			);
			path = SimpleConvert;
			sourceTree = "<group>";
		};
		B80146881E22A16D00C8B816 /* Models */ = {
			isa = PBXGroup;
			children = (
				B80146891E22A1E000C8B816 /* ConvertItem.swift */,
				B801468B1E22A37500C8B816 /* ConvertHandler.swift */,
			);
			path = Models;
			sourceTree = "<group>";
		};
		B801468F1E22AA5700C8B816 /* Utilities */ = {
			isa = PBXGroup;
			children = (
				B80146901E22AA7B00C8B816 /* Constants.swift */,
				B80146921E22ACD200C8B816 /* Formula.swift */,
				B80146941E230E9B00C8B816 /* Mapping.swift */,
				885CC2B41E24229E00681C05 /* Utility.swift */,
			);
			path = Utilities;
			sourceTree = "<group>";
		};
/* End PBXGroup section */

/* Begin PBXNativeTarget section */
		B80146701E22A14500C8B816 /* SimpleConvert */ = {
			isa = PBXNativeTarget;
			buildConfigurationList = B80146851E22A14500C8B816 /* Build configuration list for PBXNativeTarget "SimpleConvert" */;
			buildPhases = (
				B801466D1E22A14500C8B816 /* Sources */,
				B801466E1E22A14500C8B816 /* Frameworks */,
				B801466F1E22A14500C8B816 /* Resources */,
			);
			buildRules = (
			);
			dependencies = (
			);
			name = SimpleConvert;
			productName = SimpleConvert;
			productReference = B80146711E22A14500C8B816 /* SimpleConvert.app */;
			productType = "com.apple.product-type.application";
		};
/* End PBXNativeTarget section */

/* Begin PBXProject section */
		B80146691E22A14400C8B816 /* Project object */ = {
			isa = PBXProject;
			attributes = {
				LastSwiftUpdateCheck = 0730;
				LastUpgradeCheck = 0730;
				ORGANIZATIONNAME = "Chris Yang";
				TargetAttributes = {
					B80146701E22A14500C8B816 = {
						CreatedOnToolsVersion = 7.3.1;
						DevelopmentTeam = S5WQPR8BWY;
						LastSwiftMigration = 0820;
					};
				};
			};
			buildConfigurationList = B801466C1E22A14400C8B816 /* Build configuration list for PBXProject "SimpleConvert" */;
			compatibilityVersion = "Xcode 3.2";
			developmentRegion = English;
			hasScannedForEncodings = 0;
			knownRegions = (
				en,
				Base,
			);
			mainGroup = B80146681E22A14400C8B816;
			productRefGroup = B80146721E22A14500C8B816 /* Products */;
			projectDirPath = "";
			projectRoot = "";
			targets = (
				B80146701E22A14500C8B816 /* SimpleConvert */,
			);
		};
/* End PBXProject section */

/* Begin PBXResourcesBuildPhase section */
		B801466F1E22A14500C8B816 /* Resources */ = {
			isa = PBXResourcesBuildPhase;
			buildActionMask = 2147483647;
			files = (
				B80146811E22A14500C8B816 /* LaunchScreen.storyboard in Resources */,
				B801467E1E22A14500C8B816 /* Assets.xcassets in Resources */,
				B801467C1E22A14500C8B816 /* Main.storyboard in Resources */,
			);
			runOnlyForDeploymentPostprocessing = 0;
		};
/* End PBXResourcesBuildPhase section */

/* Begin PBXSourcesBuildPhase section */
		B801466D1E22A14500C8B816 /* Sources */ = {
			isa = PBXSourcesBuildPhase;
			buildActionMask = 2147483647;
			files = (
				B801468A1E22A1E000C8B816 /* ConvertItem.swift in Sources */,
				B80146931E22ACD200C8B816 /* Formula.swift in Sources */,
				B801468C1E22A37500C8B816 /* ConvertHandler.swift in Sources */,
				B80146791E22A14500C8B816 /* CurrencyViewController.swift in Sources */,
				B80146951E230E9B00C8B816 /* Mapping.swift in Sources */,
				885CC2AE1E24179A00681C05 /* ConvertingViewController.swift in Sources */,
				885CC2B11E241CBC00681C05 /* SCViewController.swift in Sources */,
				B80146751E22A14500C8B816 /* AppDelegate.swift in Sources */,
				885CC2BC1E243F9F00681C05 /* ConvertingTextField.swift in Sources */,
				885CC2B51E24229E00681C05 /* Utility.swift in Sources */,
				885CC2B91E243E2F00681C05 /* ConvertingTextFieldHeader.swift in Sources */,
				B80146771E22A14500C8B816 /* HomeViewController.swift in Sources */,
				885CC2B71E24317700681C05 /* ConvertingTableViewCell.swift in Sources */,
				B80146911E22AA7B00C8B816 /* Constants.swift in Sources */,
				885CC2B31E241CD100681C05 /* SCTableViewController.swift in Sources */,
			);
			runOnlyForDeploymentPostprocessing = 0;
		};
/* End PBXSourcesBuildPhase section */

/* Begin PBXVariantGroup section */
		B801467A1E22A14500C8B816 /* Main.storyboard */ = {
			isa = PBXVariantGroup;
			children = (
				B801467B1E22A14500C8B816 /* Base */,
			);
			name = Main.storyboard;
			sourceTree = "<group>";
		};
		B801467F1E22A14500C8B816 /* LaunchScreen.storyboard */ = {
			isa = PBXVariantGroup;
			children = (
				B80146801E22A14500C8B816 /* Base */,
			);
			name = LaunchScreen.storyboard;
			sourceTree = "<group>";
		};
/* End PBXVariantGroup section */

/* Begin XCBuildConfiguration section */
		B80146831E22A14500C8B816 /* Debug */ = {
			isa = XCBuildConfiguration;
			buildSettings = {
				ALWAYS_SEARCH_USER_PATHS = NO;
				CLANG_ANALYZER_NONNULL = YES;
				CLANG_CXX_LANGUAGE_STANDARD = "gnu++0x";
				CLANG_CXX_LIBRARY = "libc++";
				CLANG_ENABLE_MODULES = YES;
				CLANG_ENABLE_OBJC_ARC = YES;
				CLANG_WARN_BOOL_CONVERSION = YES;
				CLANG_WARN_CONSTANT_CONVERSION = YES;
				CLANG_WARN_DIRECT_OBJC_ISA_USAGE = YES_ERROR;
				CLANG_WARN_EMPTY_BODY = YES;
				CLANG_WARN_ENUM_CONVERSION = YES;
				CLANG_WARN_INT_CONVERSION = YES;
				CLANG_WARN_OBJC_ROOT_CLASS = YES_ERROR;
				CLANG_WARN_UNREACHABLE_CODE = YES;
				CLANG_WARN__DUPLICATE_METHOD_MATCH = YES;
				"CODE_SIGN_IDENTITY[sdk=iphoneos*]" = "iPhone Developer";
				COPY_PHASE_STRIP = NO;
				DEBUG_INFORMATION_FORMAT = dwarf;
				ENABLE_STRICT_OBJC_MSGSEND = YES;
				ENABLE_TESTABILITY = YES;
				GCC_C_LANGUAGE_STANDARD = gnu99;
				GCC_DYNAMIC_NO_PIC = NO;
				GCC_NO_COMMON_BLOCKS = YES;
				GCC_OPTIMIZATION_LEVEL = 0;
				GCC_PREPROCESSOR_DEFINITIONS = (
					"DEBUG=1",
					"$(inherited)",
				);
				GCC_WARN_64_TO_32_BIT_CONVERSION = YES;
				GCC_WARN_ABOUT_RETURN_TYPE = YES_ERROR;
				GCC_WARN_UNDECLARED_SELECTOR = YES;
				GCC_WARN_UNINITIALIZED_AUTOS = YES_AGGRESSIVE;
				GCC_WARN_UNUSED_FUNCTION = YES;
				GCC_WARN_UNUSED_VARIABLE = YES;
				IPHONEOS_DEPLOYMENT_TARGET = 9.3;
				MTL_ENABLE_DEBUG_INFO = YES;
				ONLY_ACTIVE_ARCH = YES;
				SDKROOT = iphoneos;
				SWIFT_OPTIMIZATION_LEVEL = "-Onone";
			};
			name = Debug;
		};
		B80146841E22A14500C8B816 /* Release */ = {
			isa = XCBuildConfiguration;
			buildSettings = {
				ALWAYS_SEARCH_USER_PATHS = NO;
				CLANG_ANALYZER_NONNULL = YES;
				CLANG_CXX_LANGUAGE_STANDARD = "gnu++0x";
				CLANG_CXX_LIBRARY = "libc++";
				CLANG_ENABLE_MODULES = YES;
				CLANG_ENABLE_OBJC_ARC = YES;
				CLANG_WARN_BOOL_CONVERSION = YES;
				CLANG_WARN_CONSTANT_CONVERSION = YES;
				CLANG_WARN_DIRECT_OBJC_ISA_USAGE = YES_ERROR;
				CLANG_WARN_EMPTY_BODY = YES;
				CLANG_WARN_ENUM_CONVERSION = YES;
				CLANG_WARN_INT_CONVERSION = YES;
				CLANG_WARN_OBJC_ROOT_CLASS = YES_ERROR;
				CLANG_WARN_UNREACHABLE_CODE = YES;
				CLANG_WARN__DUPLICATE_METHOD_MATCH = YES;
				"CODE_SIGN_IDENTITY[sdk=iphoneos*]" = "iPhone Developer";
				COPY_PHASE_STRIP = NO;
				DEBUG_INFORMATION_FORMAT = "dwarf-with-dsym";
				ENABLE_NS_ASSERTIONS = NO;
				ENABLE_STRICT_OBJC_MSGSEND = YES;
				GCC_C_LANGUAGE_STANDARD = gnu99;
				GCC_NO_COMMON_BLOCKS = YES;
				GCC_WARN_64_TO_32_BIT_CONVERSION = YES;
				GCC_WARN_ABOUT_RETURN_TYPE = YES_ERROR;
				GCC_WARN_UNDECLARED_SELECTOR = YES;
				GCC_WARN_UNINITIALIZED_AUTOS = YES_AGGRESSIVE;
				GCC_WARN_UNUSED_FUNCTION = YES;
				GCC_WARN_UNUSED_VARIABLE = YES;
				IPHONEOS_DEPLOYMENT_TARGET = 9.3;
				MTL_ENABLE_DEBUG_INFO = NO;
				SDKROOT = iphoneos;
				VALIDATE_PRODUCT = YES;
			};
			name = Release;
		};
		B80146861E22A14500C8B816 /* Debug */ = {
			isa = XCBuildConfiguration;
			buildSettings = {
				ASSETCATALOG_COMPILER_APPICON_NAME = AppIcon;
				DEVELOPMENT_TEAM = S5WQPR8BWY;
				INFOPLIST_FILE = SimpleConvert/Info.plist;
				LD_RUNPATH_SEARCH_PATHS = "$(inherited) @executable_path/Frameworks";
				PRODUCT_BUNDLE_IDENTIFIER = com.example.SimpleConvert;
				PRODUCT_NAME = "$(TARGET_NAME)";
				SWIFT_VERSION = 3.0;
			};
			name = Debug;
		};
		B80146871E22A14500C8B816 /* Release */ = {
			isa = XCBuildConfiguration;
			buildSettings = {
				ASSETCATALOG_COMPILER_APPICON_NAME = AppIcon;
				DEVELOPMENT_TEAM = S5WQPR8BWY;
				INFOPLIST_FILE = SimpleConvert/Info.plist;
				LD_RUNPATH_SEARCH_PATHS = "$(inherited) @executable_path/Frameworks";
				PRODUCT_BUNDLE_IDENTIFIER = com.example.SimpleConvert;
				PRODUCT_NAME = "$(TARGET_NAME)";
				SWIFT_VERSION = 3.0;
			};
			name = Release;
		};
/* End XCBuildConfiguration section */

/* Begin XCConfigurationList section */
		B801466C1E22A14400C8B816 /* Build configuration list for PBXProject "SimpleConvert" */ = {
			isa = XCConfigurationList;
			buildConfigurations = (
				B80146831E22A14500C8B816 /* Debug */,
				B80146841E22A14500C8B816 /* Release */,
			);
			defaultConfigurationIsVisible = 0;
			defaultConfigurationName = Release;
		};
		B80146851E22A14500C8B816 /* Build configuration list for PBXNativeTarget "SimpleConvert" */ = {
			isa = XCConfigurationList;
			buildConfigurations = (
				B80146861E22A14500C8B816 /* Debug */,
				B80146871E22A14500C8B816 /* Release */,
			);
			defaultConfigurationIsVisible = 0;
			defaultConfigurationName = Release;
		};
/* End XCConfigurationList section */
	};
	rootObject = B80146691E22A14400C8B816 /* Project object */;
}
